
Microsoft Visual Studio Solution File, Format Version 12.00
# Visual Studio Version 16
VisualStudioVersion = 16.0.32407.337
MinimumVisualStudioVersion = 10.0.40219.1
Project("{FAE04EC0-301F-11D3-BF4B-00C04F79EFBC}") = "DURC", "DURC\DURC.csproj", "{90503625-C4C3-4AD2-872D-F53A8FE114AE}"
EndProject
Global
	GlobalSection(SolutionConfigurationPlatforms) = preSolution
		Debug|Any CPU = Debug|Any CPU
		Release|Any CPU = Release|Any CPU
	EndGlobalSection
	GlobalSection(ProjectConfigurationPlatforms) = postSolution
		{90503625-C4C3-4AD2-872D-F53A8FE114AE}.Debug|Any CPU.ActiveCfg = Debug|Any CPU
		{90503625-C4C3-4AD2-872D-F53A8FE114AE}.Debug|Any CPU.Build.0 = Debug|Any CPU
		{90503625-C4C3-4AD2-872D-F53A8FE114AE}.Release|Any CPU.ActiveCfg = Release|Any CPU
		{90503625-C4C3-4AD2-872D-F53A8FE114AE}.Release|Any CPU.Build.0 = Release|Any CPU
	EndGlobalSection
	GlobalSection(SolutionProperties) = preSolution
		HideSolutionNode = FALSE
	EndGlobalSection
	GlobalSection(ExtensibilityGlobals) = postSolution
		SolutionGuid = {8849B860-5730-4DB2-9F89-A896B8F765E1}
	EndGlobalSection
EndGlobal
